
Microsoft Visual Studio Solution File, Format Version 12.00
# Visual Studio Version 17
VisualStudioVersion = 17.1.32228.430
MinimumVisualStudioVersion = 10.0.40219.1
Project("{FAE04EC0-301F-11D3-BF4B-00C04F79EFBC}") = "SqlServerEFExample", "SqlServerEFExample\SqlServerEFExample.csproj", "{5F4DB156-60E0-4E86-84B8-6EEFAB9AD592}"
EndProject
Global
	GlobalSection(SolutionConfigurationPlatforms) = preSolution
		Debug|Any CPU = Debug|Any CPU
		Release|Any CPU = Release|Any CPU
	EndGlobalSection
	GlobalSection(ProjectConfigurationPlatforms) = postSolution
		{5F4DB156-60E0-4E86-84B8-6EEFAB9AD592}.Debug|Any CPU.ActiveCfg = Debug|Any CPU
		{5F4DB156-60E0-4E86-84B8-6EEFAB9AD592}.Debug|Any CPU.Build.0 = Debug|Any CPU
		{5F4DB156-60E0-4E86-84B8-6EEFAB9AD592}.Release|Any CPU.ActiveCfg = Release|Any CPU
		{5F4DB156-60E0-4E86-84B8-6EEFAB9AD592}.Release|Any CPU.Build.0 = Release|Any CPU
	EndGlobalSection
	GlobalSection(SolutionProperties) = preSolution
		HideSolutionNode = FALSE
	EndGlobalSection
	GlobalSection(ExtensibilityGlobals) = postSolution
		SolutionGuid = {BFC4BF52-17CA-498E-8A77-5136D17DA4D2}
	EndGlobalSection
EndGlobal
